
Microsoft Visual Studio Solution File, Format Version 12.00
# Visual Studio Version 17
VisualStudioVersion = 17.3.32929.385
MinimumVisualStudioVersion = 10.0.40219.1
Project("{FAE04EC0-301F-11D3-BF4B-00C04F79EFBC}") = "GFCore", "GFCore\GFCore.csproj", "{EF4120E1-DAE3-4575-9110-4140EF723405}"
EndProject
Project("{FAE04EC0-301F-11D3-BF4B-00C04F79EFBC}") = "GFDebuger", "GFDebuger\GFDebuger.csproj", "{4FA75056-D10A-499D-A12E-A503831BE75C}"
EndProject
Project("{FAE04EC0-301F-11D3-BF4B-00C04F79EFBC}") = "GFUnity", "GFUnity\GFUnity.csproj", "{F2DAF630-F795-459E-A564-6BAFFF431DA3}"
EndProject
Global
	GlobalSection(SolutionConfigurationPlatforms) = preSolution
		Debug|Any CPU = Debug|Any CPU
		Release|Any CPU = Release|Any CPU
	EndGlobalSection
	GlobalSection(ProjectConfigurationPlatforms) = postSolution
		{EF4120E1-DAE3-4575-9110-4140EF723405}.Debug|Any CPU.ActiveCfg = Debug|Any CPU
		{EF4120E1-DAE3-4575-9110-4140EF723405}.Debug|Any CPU.Build.0 = Debug|Any CPU
		{EF4120E1-DAE3-4575-9110-4140EF723405}.Release|Any CPU.ActiveCfg = Release|Any CPU
		{EF4120E1-DAE3-4575-9110-4140EF723405}.Release|Any CPU.Build.0 = Release|Any CPU
		{4FA75056-D10A-499D-A12E-A503831BE75C}.Debug|Any CPU.ActiveCfg = Debug|Any CPU
		{4FA75056-D10A-499D-A12E-A503831BE75C}.Debug|Any CPU.Build.0 = Debug|Any CPU
		{4FA75056-D10A-499D-A12E-A503831BE75C}.Release|Any CPU.ActiveCfg = Release|Any CPU
		{4FA75056-D10A-499D-A12E-A503831BE75C}.Release|Any CPU.Build.0 = Release|Any CPU
		{F2DAF630-F795-459E-A564-6BAFFF431DA3}.Debug|Any CPU.ActiveCfg = Debug|Any CPU
		{F2DAF630-F795-459E-A564-6BAFFF431DA3}.Debug|Any CPU.Build.0 = Debug|Any CPU
		{F2DAF630-F795-459E-A564-6BAFFF431DA3}.Release|Any CPU.ActiveCfg = Release|Any CPU
		{F2DAF630-F795-459E-A564-6BAFFF431DA3}.Release|Any CPU.Build.0 = Release|Any CPU
	EndGlobalSection
	GlobalSection(SolutionProperties) = preSolution
		HideSolutionNode = FALSE
	EndGlobalSection
	GlobalSection(ExtensibilityGlobals) = postSolution
		SolutionGuid = {5010A443-B6B5-4D97-98F5-E9F82406796F}
	EndGlobalSection
EndGlobal
