
Microsoft Visual Studio Solution File, Format Version 12.00
# Visual Studio Version 17
VisualStudioVersion = 17.1.32421.90
MinimumVisualStudioVersion = 10.0.40219.1
Project("{FAE04EC0-301F-11D3-BF4B-00C04F79EFBC}") = "MySqlDataBuild", "MySqlDataBuild.csproj", "{406A203B-9FDD-4AE6-A71C-E95E168C8F60}"
EndProject
Global
	GlobalSection(SolutionConfigurationPlatforms) = preSolution
		Debug|Any CPU = Debug|Any CPU
		Release|Any CPU = Release|Any CPU
	EndGlobalSection
	GlobalSection(ProjectConfigurationPlatforms) = postSolution
		{406A203B-9FDD-4AE6-A71C-E95E168C8F60}.Debug|Any CPU.ActiveCfg = Debug|Any CPU
		{406A203B-9FDD-4AE6-A71C-E95E168C8F60}.Debug|Any CPU.Build.0 = Debug|Any CPU
		{406A203B-9FDD-4AE6-A71C-E95E168C8F60}.Release|Any CPU.ActiveCfg = Release|Any CPU
		{406A203B-9FDD-4AE6-A71C-E95E168C8F60}.Release|Any CPU.Build.0 = Release|Any CPU
	EndGlobalSection
	GlobalSection(SolutionProperties) = preSolution
		HideSolutionNode = FALSE
	EndGlobalSection
	GlobalSection(ExtensibilityGlobals) = postSolution
		SolutionGuid = {E920B505-BC23-4718-AA86-F0D3998BCE30}
	EndGlobalSection
EndGlobal
